
Microsoft Visual Studio Solution File, Format Version 12.00
# Visual Studio Version 17
VisualStudioVersion = 17.1.31911.260
MinimumVisualStudioVersion = 10.0.40219.1
Project("{2150E333-8FDC-42A3-9474-1A3956D46DE8}") = "src", "src", "{68F21F3B-7020-4463-AA16-FE0E1A1C1801}"
EndProject
Project("{2150E333-8FDC-42A3-9474-1A3956D46DE8}") = "Web", "Web", "{6834ABB3-FDF2-4E23-B22B-D8DF961AF4F8}"
EndProject
Project("{2150E333-8FDC-42A3-9474-1A3956D46DE8}") = "API", "API", "{77415042-421B-46FC-886E-C7297B230574}"
EndProject
Project("{2150E333-8FDC-42A3-9474-1A3956D46DE8}") = "Client", "Client", "{81D95F21-3CDC-4BF5-B1ED-18E64E7D2422}"
EndProject
Project("{9A19103F-16F7-4668-BE54-9A1E7A4F7556}") = "CMS.Domain", "CMS.Domain\CMS.Domain.csproj", "{AD7E1A20-BCA7-4369-99D9-00EA68D199B5}"
EndProject
Project("{9A19103F-16F7-4668-BE54-9A1E7A4F7556}") = "CMS.Infrastructure", "CMS.Infrastructure\CMS.Infrastructure.csproj", "{994CF66C-4C3B-450C-A18E-BD599C7B0C48}"
EndProject
Project("{9A19103F-16F7-4668-BE54-9A1E7A4F7556}") = "CMS.Application", "CMS.Application\CMS.Application.csproj", "{01AEE22B-EE6A-4602-A982-39A7F5E527B8}"
EndProject
Project("{FAE04EC0-301F-11D3-BF4B-00C04F79EFBC}") = "CMS.Presentation", "CMS.Presentation\CMS.Presentation.csproj", "{40069CDF-45B0-42B8-82D1-F8B0C8BE0AEE}"
EndProject
Global
	GlobalSection(SolutionConfigurationPlatforms) = preSolution
		Debug|Any CPU = Debug|Any CPU
		Release|Any CPU = Release|Any CPU
	EndGlobalSection
	GlobalSection(ProjectConfigurationPlatforms) = postSolution
		{AD7E1A20-BCA7-4369-99D9-00EA68D199B5}.Debug|Any CPU.ActiveCfg = Debug|Any CPU
		{AD7E1A20-BCA7-4369-99D9-00EA68D199B5}.Debug|Any CPU.Build.0 = Debug|Any CPU
		{AD7E1A20-BCA7-4369-99D9-00EA68D199B5}.Release|Any CPU.ActiveCfg = Release|Any CPU
		{AD7E1A20-BCA7-4369-99D9-00EA68D199B5}.Release|Any CPU.Build.0 = Release|Any CPU
		{994CF66C-4C3B-450C-A18E-BD599C7B0C48}.Debug|Any CPU.ActiveCfg = Debug|Any CPU
		{994CF66C-4C3B-450C-A18E-BD599C7B0C48}.Debug|Any CPU.Build.0 = Debug|Any CPU
		{994CF66C-4C3B-450C-A18E-BD599C7B0C48}.Release|Any CPU.ActiveCfg = Release|Any CPU
		{994CF66C-4C3B-450C-A18E-BD599C7B0C48}.Release|Any CPU.Build.0 = Release|Any CPU
		{01AEE22B-EE6A-4602-A982-39A7F5E527B8}.Debug|Any CPU.ActiveCfg = Debug|Any CPU
		{01AEE22B-EE6A-4602-A982-39A7F5E527B8}.Debug|Any CPU.Build.0 = Debug|Any CPU
		{01AEE22B-EE6A-4602-A982-39A7F5E527B8}.Release|Any CPU.ActiveCfg = Release|Any CPU
		{01AEE22B-EE6A-4602-A982-39A7F5E527B8}.Release|Any CPU.Build.0 = Release|Any CPU
		{40069CDF-45B0-42B8-82D1-F8B0C8BE0AEE}.Debug|Any CPU.ActiveCfg = Debug|Any CPU
		{40069CDF-45B0-42B8-82D1-F8B0C8BE0AEE}.Debug|Any CPU.Build.0 = Debug|Any CPU
		{40069CDF-45B0-42B8-82D1-F8B0C8BE0AEE}.Release|Any CPU.ActiveCfg = Release|Any CPU
		{40069CDF-45B0-42B8-82D1-F8B0C8BE0AEE}.Release|Any CPU.Build.0 = Release|Any CPU
	EndGlobalSection
	GlobalSection(SolutionProperties) = preSolution
		HideSolutionNode = FALSE
	EndGlobalSection
	GlobalSection(NestedProjects) = preSolution
		{6834ABB3-FDF2-4E23-B22B-D8DF961AF4F8} = {68F21F3B-7020-4463-AA16-FE0E1A1C1801}
		{77415042-421B-46FC-886E-C7297B230574} = {68F21F3B-7020-4463-AA16-FE0E1A1C1801}
		{81D95F21-3CDC-4BF5-B1ED-18E64E7D2422} = {68F21F3B-7020-4463-AA16-FE0E1A1C1801}
		{AD7E1A20-BCA7-4369-99D9-00EA68D199B5} = {6834ABB3-FDF2-4E23-B22B-D8DF961AF4F8}
		{994CF66C-4C3B-450C-A18E-BD599C7B0C48} = {6834ABB3-FDF2-4E23-B22B-D8DF961AF4F8}
		{01AEE22B-EE6A-4602-A982-39A7F5E527B8} = {6834ABB3-FDF2-4E23-B22B-D8DF961AF4F8}
		{40069CDF-45B0-42B8-82D1-F8B0C8BE0AEE} = {6834ABB3-FDF2-4E23-B22B-D8DF961AF4F8}
	EndGlobalSection
	GlobalSection(ExtensibilityGlobals) = postSolution
		SolutionGuid = {AFF46269-15E2-486D-8755-8D6689C0850B}
	EndGlobalSection
EndGlobal
